// !$*UTF8*$!
{
	archiveVersion = 1;
	classes = {
	};
	objectVersion = 50;
	objects = {

/* Begin PBXBuildFile section */
		D0A5BD7F25E460CD00723961 /* Tests_iOS.swift in Sources */ = {isa = PBXBuildFile; fileRef = D0A5BD7E25E460CD00723961 /* Tests_iOS.swift */; };
		D0A5BD8A25E460CE00723961 /* Tests_macOS.swift in Sources */ = {isa = PBXBuildFile; fileRef = D0A5BD8925E460CE00723961 /* Tests_macOS.swift */; };
		D0A5BD8C25E460CE00723961 /* PlayingAroundApp.swift in Sources */ = {isa = PBXBuildFile; fileRef = D0A5BD6325E460CC00723961 /* PlayingAroundApp.swift */; };
		D0A5BD8D25E460CE00723961 /* PlayingAroundApp.swift in Sources */ = {isa = PBXBuildFile; fileRef = D0A5BD6325E460CC00723961 /* PlayingAroundApp.swift */; };
		D0A5BD8E25E460CE00723961 /* ContentView.swift in Sources */ = {isa = PBXBuildFile; fileRef = D0A5BD6425E460CC00723961 /* ContentView.swift */; };
		D0A5BD8F25E460CE00723961 /* ContentView.swift in Sources */ = {isa = PBXBuildFile; fileRef = D0A5BD6425E460CC00723961 /* ContentView.swift */; };
		D0A5BD9025E460CE00723961 /* Assets.xcassets in Resources */ = {isa = PBXBuildFile; fileRef = D0A5BD6525E460CD00723961 /* Assets.xcassets */; };
		D0A5BD9125E460CE00723961 /* Assets.xcassets in Resources */ = {isa = PBXBuildFile; fileRef = D0A5BD6525E460CD00723961 /* Assets.xcassets */; };
/* End PBXBuildFile section */

/* Begin PBXContainerItemProxy section */
		D0A5BD7B25E460CD00723961 /* PBXContainerItemProxy */ = {
			isa = PBXContainerItemProxy;
			containerPortal = D0A5BD5E25E460CC00723961 /* Project object */;
			proxyType = 1;
			remoteGlobalIDString = D0A5BD6925E460CD00723961;
			remoteInfo = "PlayingAround (iOS)";
		};
		D0A5BD8625E460CE00723961 /* PBXContainerItemProxy */ = {
			isa = PBXContainerItemProxy;
			containerPortal = D0A5BD5E25E460CC00723961 /* Project object */;
			proxyType = 1;
			remoteGlobalIDString = D0A5BD7125E460CD00723961;
			remoteInfo = "PlayingAround (macOS)";
		};
/* End PBXContainerItemProxy section */

/* Begin PBXFileReference section */
		D0A5BD6325E460CC00723961 /* PlayingAroundApp.swift */ = {isa = PBXFileReference; lastKnownFileType = sourcecode.swift; path = PlayingAroundApp.swift; sourceTree = "<group>"; };
		D0A5BD6425E460CC00723961 /* ContentView.swift */ = {isa = PBXFileReference; lastKnownFileType = sourcecode.swift; path = ContentView.swift; sourceTree = "<group>"; };
		D0A5BD6525E460CD00723961 /* Assets.xcassets */ = {isa = PBXFileReference; lastKnownFileType = folder.assetcatalog; path = Assets.xcassets; sourceTree = "<group>"; };
		D0A5BD6A25E460CD00723961 /* PlayingAround.app */ = {isa = PBXFileReference; explicitFileType = wrapper.application; includeInIndex = 0; path = PlayingAround.app; sourceTree = BUILT_PRODUCTS_DIR; };
		D0A5BD6D25E460CD00723961 /* Info.plist */ = {isa = PBXFileReference; lastKnownFileType = text.plist.xml; path = Info.plist; sourceTree = "<group>"; };
		D0A5BD7225E460CD00723961 /* PlayingAround.app */ = {isa = PBXFileReference; explicitFileType = wrapper.application; includeInIndex = 0; path = PlayingAround.app; sourceTree = BUILT_PRODUCTS_DIR; };
		D0A5BD7425E460CD00723961 /* Info.plist */ = {isa = PBXFileReference; lastKnownFileType = text.plist.xml; path = Info.plist; sourceTree = "<group>"; };
		D0A5BD7525E460CD00723961 /* macOS.entitlements */ = {isa = PBXFileReference; lastKnownFileType = text.plist.entitlements; path = macOS.entitlements; sourceTree = "<group>"; };
		D0A5BD7A25E460CD00723961 /* Tests iOS.xctest */ = {isa = PBXFileReference; explicitFileType = wrapper.cfbundle; includeInIndex = 0; path = "Tests iOS.xctest"; sourceTree = BUILT_PRODUCTS_DIR; };
		D0A5BD7E25E460CD00723961 /* Tests_iOS.swift */ = {isa = PBXFileReference; lastKnownFileType = sourcecode.swift; path = Tests_iOS.swift; sourceTree = "<group>"; };
		D0A5BD8025E460CD00723961 /* Info.plist */ = {isa = PBXFileReference; lastKnownFileType = text.plist.xml; path = Info.plist; sourceTree = "<group>"; };
		D0A5BD8525E460CE00723961 /* Tests macOS.xctest */ = {isa = PBXFileReference; explicitFileType = wrapper.cfbundle; includeInIndex = 0; path = "Tests macOS.xctest"; sourceTree = BUILT_PRODUCTS_DIR; };
		D0A5BD8925E460CE00723961 /* Tests_macOS.swift */ = {isa = PBXFileReference; lastKnownFileType = sourcecode.swift; path = Tests_macOS.swift; sourceTree = "<group>"; };
		D0A5BD8B25E460CE00723961 /* Info.plist */ = {isa = PBXFileReference; lastKnownFileType = text.plist.xml; path = Info.plist; sourceTree = "<group>"; };
/* End PBXFileReference section */

/* Begin PBXFrameworksBuildPhase section */
		D0A5BD6725E460CD00723961 /* Frameworks */ = {
			isa = PBXFrameworksBuildPhase;
			buildActionMask = 2147483647;
			files = (
			);
			runOnlyForDeploymentPostprocessing = 0;
		};
		D0A5BD6F25E460CD00723961 /* Frameworks */ = {
			isa = PBXFrameworksBuildPhase;
			buildActionMask = 2147483647;
			files = (
			);
			runOnlyForDeploymentPostprocessing = 0;
		};
		D0A5BD7725E460CD00723961 /* Frameworks */ = {
			isa = PBXFrameworksBuildPhase;
			buildActionMask = 2147483647;
			files = (
			);
			runOnlyForDeploymentPostprocessing = 0;
		};
		D0A5BD8225E460CE00723961 /* Frameworks */ = {
			isa = PBXFrameworksBuildPhase;
			buildActionMask = 2147483647;
			files = (
			);
			runOnlyForDeploymentPostprocessing = 0;
		};
/* End PBXFrameworksBuildPhase section */

/* Begin PBXGroup section */
		D0A5BD5D25E460CC00723961 = {
			isa = PBXGroup;
			children = (
				D0A5BD6225E460CC00723961 /* Shared */,
				D0A5BD6C25E460CD00723961 /* iOS */,
				D0A5BD7325E460CD00723961 /* macOS */,
				D0A5BD7D25E460CD00723961 /* Tests iOS */,
				D0A5BD8825E460CE00723961 /* Tests macOS */,
				D0A5BD6B25E460CD00723961 /* Products */,
			);
			sourceTree = "<group>";
		};
		D0A5BD6225E460CC00723961 /* Shared */ = {
			isa = PBXGroup;
			children = (
				D0A5BD6325E460CC00723961 /* PlayingAroundApp.swift */,
				D0A5BD6425E460CC00723961 /* ContentView.swift */,
				D0A5BD6525E460CD00723961 /* Assets.xcassets */,
			);
			path = Shared;
			sourceTree = "<group>";
		};
		D0A5BD6B25E460CD00723961 /* Products */ = {
			isa = PBXGroup;
			children = (
				D0A5BD6A25E460CD00723961 /* PlayingAround.app */,
				D0A5BD7225E460CD00723961 /* PlayingAround.app */,
				D0A5BD7A25E460CD00723961 /* Tests iOS.xctest */,
				D0A5BD8525E460CE00723961 /* Tests macOS.xctest */,
			);
			name = Products;
			sourceTree = "<group>";
		};
		D0A5BD6C25E460CD00723961 /* iOS */ = {
			isa = PBXGroup;
			children = (
				D0A5BD6D25E460CD00723961 /* Info.plist */,
			);
			path = iOS;
			sourceTree = "<group>";
		};
		D0A5BD7325E460CD00723961 /* macOS */ = {
			isa = PBXGroup;
			children = (
				D0A5BD7425E460CD00723961 /* Info.plist */,
				D0A5BD7525E460CD00723961 /* macOS.entitlements */,
			);
			path = macOS;
			sourceTree = "<group>";
		};
		D0A5BD7D25E460CD00723961 /* Tests iOS */ = {
			isa = PBXGroup;
			children = (
				D0A5BD7E25E460CD00723961 /* Tests_iOS.swift */,
				D0A5BD8025E460CD00723961 /* Info.plist */,
			);
			path = "Tests iOS";
			sourceTree = "<group>";
		};
		D0A5BD8825E460CE00723961 /* Tests macOS */ = {
			isa = PBXGroup;
			children = (
				D0A5BD8925E460CE00723961 /* Tests_macOS.swift */,
				D0A5BD8B25E460CE00723961 /* Info.plist */,
			);
			path = "Tests macOS";
			sourceTree = "<group>";
		};
/* End PBXGroup section */

/* Begin PBXNativeTarget section */
		D0A5BD6925E460CD00723961 /* PlayingAround (iOS) */ = {
			isa = PBXNativeTarget;
			buildConfigurationList = D0A5BD9425E460CE00723961 /* Build configuration list for PBXNativeTarget "PlayingAround (iOS)" */;
			buildPhases = (
				D0A5BD6625E460CD00723961 /* Sources */,
				D0A5BD6725E460CD00723961 /* Frameworks */,
				D0A5BD6825E460CD00723961 /* Resources */,
			);
			buildRules = (
			);
			dependencies = (
			);
			name = "PlayingAround (iOS)";
			productName = "PlayingAround (iOS)";
			productReference = D0A5BD6A25E460CD00723961 /* PlayingAround.app */;
			productType = "com.apple.product-type.application";
		};
		D0A5BD7125E460CD00723961 /* PlayingAround (macOS) */ = {
			isa = PBXNativeTarget;
			buildConfigurationList = D0A5BD9725E460CE00723961 /* Build configuration list for PBXNativeTarget "PlayingAround (macOS)" */;
			buildPhases = (
				D0A5BD6E25E460CD00723961 /* Sources */,
				D0A5BD6F25E460CD00723961 /* Frameworks */,
				D0A5BD7025E460CD00723961 /* Resources */,
			);
			buildRules = (
			);
			dependencies = (
			);
			name = "PlayingAround (macOS)";
			productName = "PlayingAround (macOS)";
			productReference = D0A5BD7225E460CD00723961 /* PlayingAround.app */;
			productType = "com.apple.product-type.application";
		};
		D0A5BD7925E460CD00723961 /* Tests iOS */ = {
			isa = PBXNativeTarget;
			buildConfigurationList = D0A5BD9A25E460CE00723961 /* Build configuration list for PBXNativeTarget "Tests iOS" */;
			buildPhases = (
				D0A5BD7625E460CD00723961 /* Sources */,
				D0A5BD7725E460CD00723961 /* Frameworks */,
				D0A5BD7825E460CD00723961 /* Resources */,
			);
			buildRules = (
			);
			dependencies = (
				D0A5BD7C25E460CD00723961 /* PBXTargetDependency */,
			);
			name = "Tests iOS";
			productName = "Tests iOS";
			productReference = D0A5BD7A25E460CD00723961 /* Tests iOS.xctest */;
			productType = "com.apple.product-type.bundle.ui-testing";
		};
		D0A5BD8425E460CE00723961 /* Tests macOS */ = {
			isa = PBXNativeTarget;
			buildConfigurationList = D0A5BD9D25E460CE00723961 /* Build configuration list for PBXNativeTarget "Tests macOS" */;
			buildPhases = (
				D0A5BD8125E460CE00723961 /* Sources */,
				D0A5BD8225E460CE00723961 /* Frameworks */,
				D0A5BD8325E460CE00723961 /* Resources */,
			);
			buildRules = (
			);
			dependencies = (
				D0A5BD8725E460CE00723961 /* PBXTargetDependency */,
			);
			name = "Tests macOS";
			productName = "Tests macOS";
			productReference = D0A5BD8525E460CE00723961 /* Tests macOS.xctest */;
			productType = "com.apple.product-type.bundle.ui-testing";
		};
/* End PBXNativeTarget section */

/* Begin PBXProject section */
		D0A5BD5E25E460CC00723961 /* Project object */ = {
			isa = PBXProject;
			attributes = {
				LastSwiftUpdateCheck = 1240;
				LastUpgradeCheck = 1240;
				TargetAttributes = {
					D0A5BD6925E460CD00723961 = {
						CreatedOnToolsVersion = 12.4;
					};
					D0A5BD7125E460CD00723961 = {
						CreatedOnToolsVersion = 12.4;
					};
					D0A5BD7925E460CD00723961 = {
						CreatedOnToolsVersion = 12.4;
						TestTargetID = D0A5BD6925E460CD00723961;
					};
					D0A5BD8425E460CE00723961 = {
						CreatedOnToolsVersion = 12.4;
						TestTargetID = D0A5BD7125E460CD00723961;
					};
				};
			};
			buildConfigurationList = D0A5BD6125E460CC00723961 /* Build configuration list for PBXProject "PlayingAround" */;
			compatibilityVersion = "Xcode 9.3";
			developmentRegion = en;
			hasScannedForEncodings = 0;
			knownRegions = (
				en,
				Base,
			);
			mainGroup = D0A5BD5D25E460CC00723961;
			productRefGroup = D0A5BD6B25E460CD00723961 /* Products */;
			projectDirPath = "";
			projectRoot = "";
			targets = (
				D0A5BD6925E460CD00723961 /* PlayingAround (iOS) */,
				D0A5BD7125E460CD00723961 /* PlayingAround (macOS) */,
				D0A5BD7925E460CD00723961 /* Tests iOS */,
				D0A5BD8425E460CE00723961 /* Tests macOS */,
			);
		};
/* End PBXProject section */

/* Begin PBXResourcesBuildPhase section */
		D0A5BD6825E460CD00723961 /* Resources */ = {
			isa = PBXResourcesBuildPhase;
			buildActionMask = 2147483647;
			files = (
				D0A5BD9025E460CE00723961 /* Assets.xcassets in Resources */,
			);
			runOnlyForDeploymentPostprocessing = 0;
		};
		D0A5BD7025E460CD00723961 /* Resources */ = {
			isa = PBXResourcesBuildPhase;
			buildActionMask = 2147483647;
			files = (
				D0A5BD9125E460CE00723961 /* Assets.xcassets in Resources */,
			);
			runOnlyForDeploymentPostprocessing = 0;
		};
		D0A5BD7825E460CD00723961 /* Resources */ = {
			isa = PBXResourcesBuildPhase;
			buildActionMask = 2147483647;
			files = (
			);
			runOnlyForDeploymentPostprocessing = 0;
		};
		D0A5BD8325E460CE00723961 /* Resources */ = {
			isa = PBXResourcesBuildPhase;
			buildActionMask = 2147483647;
			files = (
			);
			runOnlyForDeploymentPostprocessing = 0;
		};
/* End PBXResourcesBuildPhase section */

/* Begin PBXSourcesBuildPhase section */
		D0A5BD6625E460CD00723961 /* Sources */ = {
			isa = PBXSourcesBuildPhase;
			buildActionMask = 2147483647;
			files = (
				D0A5BD8E25E460CE00723961 /* ContentView.swift in Sources */,
				D0A5BD8C25E460CE00723961 /* PlayingAroundApp.swift in Sources */,
			);
			runOnlyForDeploymentPostprocessing = 0;
		};
		D0A5BD6E25E460CD00723961 /* Sources */ = {
			isa = PBXSourcesBuildPhase;
			buildActionMask = 2147483647;
			files = (
				D0A5BD8F25E460CE00723961 /* ContentView.swift in Sources */,
				D0A5BD8D25E460CE00723961 /* PlayingAroundApp.swift in Sources */,
			);
			runOnlyForDeploymentPostprocessing = 0;
		};
		D0A5BD7625E460CD00723961 /* Sources */ = {
			isa = PBXSourcesBuildPhase;
			buildActionMask = 2147483647;
			files = (
				D0A5BD7F25E460CD00723961 /* Tests_iOS.swift in Sources */,
			);
			runOnlyForDeploymentPostprocessing = 0;
		};
		D0A5BD8125E460CE00723961 /* Sources */ = {
			isa = PBXSourcesBuildPhase;
			buildActionMask = 2147483647;
			files = (
				D0A5BD8A25E460CE00723961 /* Tests_macOS.swift in Sources */,
			);
			runOnlyForDeploymentPostprocessing = 0;
		};
/* End PBXSourcesBuildPhase section */

/* Begin PBXTargetDependency section */
		D0A5BD7C25E460CD00723961 /* PBXTargetDependency */ = {
			isa = PBXTargetDependency;
			target = D0A5BD6925E460CD00723961 /* PlayingAround (iOS) */;
			targetProxy = D0A5BD7B25E460CD00723961 /* PBXContainerItemProxy */;
		};
		D0A5BD8725E460CE00723961 /* PBXTargetDependency */ = {
			isa = PBXTargetDependency;
			target = D0A5BD7125E460CD00723961 /* PlayingAround (macOS) */;
			targetProxy = D0A5BD8625E460CE00723961 /* PBXContainerItemProxy */;
		};
/* End PBXTargetDependency section */

/* Begin XCBuildConfiguration section */
		D0A5BD9225E460CE00723961 /* Debug */ = {
			isa = XCBuildConfiguration;
			buildSettings = {
				ALWAYS_SEARCH_USER_PATHS = NO;
				CLANG_ANALYZER_NONNULL = YES;
				CLANG_ANALYZER_NUMBER_OBJECT_CONVERSION = YES_AGGRESSIVE;
				CLANG_CXX_LANGUAGE_STANDARD = "gnu++14";
				CLANG_CXX_LIBRARY = "libc++";
				CLANG_ENABLE_MODULES = YES;
				CLANG_ENABLE_OBJC_ARC = YES;
				CLANG_ENABLE_OBJC_WEAK = YES;
				CLANG_WARN_BLOCK_CAPTURE_AUTORELEASING = YES;
				CLANG_WARN_BOOL_CONVERSION = YES;
				CLANG_WARN_COMMA = YES;
				CLANG_WARN_CONSTANT_CONVERSION = YES;
				CLANG_WARN_DEPRECATED_OBJC_IMPLEMENTATIONS = YES;
				CLANG_WARN_DIRECT_OBJC_ISA_USAGE = YES_ERROR;
				CLANG_WARN_DOCUMENTATION_COMMENTS = YES;
				CLANG_WARN_EMPTY_BODY = YES;
				CLANG_WARN_ENUM_CONVERSION = YES;
				CLANG_WARN_INFINITE_RECURSION = YES;
				CLANG_WARN_INT_CONVERSION = YES;
				CLANG_WARN_NON_LITERAL_NULL_CONVERSION = YES;
				CLANG_WARN_OBJC_IMPLICIT_RETAIN_SELF = YES;
				CLANG_WARN_OBJC_LITERAL_CONVERSION = YES;
				CLANG_WARN_OBJC_ROOT_CLASS = YES_ERROR;
				CLANG_WARN_QUOTED_INCLUDE_IN_FRAMEWORK_HEADER = YES;
				CLANG_WARN_RANGE_LOOP_ANALYSIS = YES;
				CLANG_WARN_STRICT_PROTOTYPES = YES;
				CLANG_WARN_SUSPICIOUS_MOVE = YES;
				CLANG_WARN_UNGUARDED_AVAILABILITY = YES_AGGRESSIVE;
				CLANG_WARN_UNREACHABLE_CODE = YES;
				CLANG_WARN__DUPLICATE_METHOD_MATCH = YES;
				COPY_PHASE_STRIP = NO;
				DEBUG_INFORMATION_FORMAT = dwarf;
				ENABLE_STRICT_OBJC_MSGSEND = YES;
				ENABLE_TESTABILITY = YES;
				GCC_C_LANGUAGE_STANDARD = gnu11;
				GCC_DYNAMIC_NO_PIC = NO;
				GCC_NO_COMMON_BLOCKS = YES;
				GCC_OPTIMIZATION_LEVEL = 0;
				GCC_PREPROCESSOR_DEFINITIONS = (
					"DEBUG=1",
					"$(inherited)",
				);
				GCC_WARN_64_TO_32_BIT_CONVERSION = YES;
				GCC_WARN_ABOUT_RETURN_TYPE = YES_ERROR;
				GCC_WARN_UNDECLARED_SELECTOR = YES;
				GCC_WARN_UNINITIALIZED_AUTOS = YES_AGGRESSIVE;
				GCC_WARN_UNUSED_FUNCTION = YES;
				GCC_WARN_UNUSED_VARIABLE = YES;
				MTL_ENABLE_DEBUG_INFO = INCLUDE_SOURCE;
				MTL_FAST_MATH = YES;
				ONLY_ACTIVE_ARCH = YES;
				SWIFT_ACTIVE_COMPILATION_CONDITIONS = DEBUG;
				SWIFT_OPTIMIZATION_LEVEL = "-Onone";
			};
			name = Debug;
		};
		D0A5BD9325E460CE00723961 /* Release */ = {
			isa = XCBuildConfiguration;
			buildSettings = {
				ALWAYS_SEARCH_USER_PATHS = NO;
				CLANG_ANALYZER_NONNULL = YES;
				CLANG_ANALYZER_NUMBER_OBJECT_CONVERSION = YES_AGGRESSIVE;
				CLANG_CXX_LANGUAGE_STANDARD = "gnu++14";
				CLANG_CXX_LIBRARY = "libc++";
				CLANG_ENABLE_MODULES = YES;
				CLANG_ENABLE_OBJC_ARC = YES;
				CLANG_ENABLE_OBJC_WEAK = YES;
				CLANG_WARN_BLOCK_CAPTURE_AUTORELEASING = YES;
				CLANG_WARN_BOOL_CONVERSION = YES;
				CLANG_WARN_COMMA = YES;
				CLANG_WARN_CONSTANT_CONVERSION = YES;
				CLANG_WARN_DEPRECATED_OBJC_IMPLEMENTATIONS = YES;
				CLANG_WARN_DIRECT_OBJC_ISA_USAGE = YES_ERROR;
				CLANG_WARN_DOCUMENTATION_COMMENTS = YES;
				CLANG_WARN_EMPTY_BODY = YES;
				CLANG_WARN_ENUM_CONVERSION = YES;
				CLANG_WARN_INFINITE_RECURSION = YES;
				CLANG_WARN_INT_CONVERSION = YES;
				CLANG_WARN_NON_LITERAL_NULL_CONVERSION = YES;
				CLANG_WARN_OBJC_IMPLICIT_RETAIN_SELF = YES;
				CLANG_WARN_OBJC_LITERAL_CONVERSION = YES;
				CLANG_WARN_OBJC_ROOT_CLASS = YES_ERROR;
				CLANG_WARN_QUOTED_INCLUDE_IN_FRAMEWORK_HEADER = YES;
				CLANG_WARN_RANGE_LOOP_ANALYSIS = YES;
				CLANG_WARN_STRICT_PROTOTYPES = YES;
				CLANG_WARN_SUSPICIOUS_MOVE = YES;
				CLANG_WARN_UNGUARDED_AVAILABILITY = YES_AGGRESSIVE;
				CLANG_WARN_UNREACHABLE_CODE = YES;
				CLANG_WARN__DUPLICATE_METHOD_MATCH = YES;
				COPY_PHASE_STRIP = NO;
				DEBUG_INFORMATION_FORMAT = "dwarf-with-dsym";
				ENABLE_NS_ASSERTIONS = NO;
				ENABLE_STRICT_OBJC_MSGSEND = YES;
				GCC_C_LANGUAGE_STANDARD = gnu11;
				GCC_NO_COMMON_BLOCKS = YES;
				GCC_WARN_64_TO_32_BIT_CONVERSION = YES;
				GCC_WARN_ABOUT_RETURN_TYPE = YES_ERROR;
				GCC_WARN_UNDECLARED_SELECTOR = YES;
				GCC_WARN_UNINITIALIZED_AUTOS = YES_AGGRESSIVE;
				GCC_WARN_UNUSED_FUNCTION = YES;
				GCC_WARN_UNUSED_VARIABLE = YES;
				MTL_ENABLE_DEBUG_INFO = NO;
				MTL_FAST_MATH = YES;
				SWIFT_COMPILATION_MODE = wholemodule;
				SWIFT_OPTIMIZATION_LEVEL = "-O";
			};
			name = Release;
		};
		D0A5BD9525E460CE00723961 /* Debug */ = {
			isa = XCBuildConfiguration;
			buildSettings = {
				ASSETCATALOG_COMPILER_APPICON_NAME = AppIcon;
				ASSETCATALOG_COMPILER_GLOBAL_ACCENT_COLOR_NAME = AccentColor;
				CODE_SIGN_STYLE = Automatic;
				DEVELOPMENT_TEAM = BNNLS5SVUS;
				ENABLE_PREVIEWS = YES;
				INFOPLIST_FILE = iOS/Info.plist;
				IPHONEOS_DEPLOYMENT_TARGET = 14.0;
				LD_RUNPATH_SEARCH_PATHS = (
					"$(inherited)",
					"@executable_path/Frameworks",
				);
				PRODUCT_BUNDLE_IDENTIFIER = eu.gruszka.PlayingAround;
				PRODUCT_NAME = PlayingAround;
				SDKROOT = iphoneos;
				SWIFT_VERSION = 5.0;
				TARGETED_DEVICE_FAMILY = "1,2";
			};
			name = Debug;
		};
		D0A5BD9625E460CE00723961 /* Release */ = {
			isa = XCBuildConfiguration;
			buildSettings = {
				ASSETCATALOG_COMPILER_APPICON_NAME = AppIcon;
				ASSETCATALOG_COMPILER_GLOBAL_ACCENT_COLOR_NAME = AccentColor;
				CODE_SIGN_STYLE = Automatic;
				DEVELOPMENT_TEAM = BNNLS5SVUS;
				ENABLE_PREVIEWS = YES;
				INFOPLIST_FILE = iOS/Info.plist;
				IPHONEOS_DEPLOYMENT_TARGET = 14.0;
				LD_RUNPATH_SEARCH_PATHS = (
					"$(inherited)",
					"@executable_path/Frameworks",
				);
				PRODUCT_BUNDLE_IDENTIFIER = eu.gruszka.PlayingAround;
				PRODUCT_NAME = PlayingAround;
				SDKROOT = iphoneos;
				SWIFT_VERSION = 5.0;
				TARGETED_DEVICE_FAMILY = "1,2";
				VALIDATE_PRODUCT = YES;
			};
			name = Release;
		};
		D0A5BD9825E460CE00723961 /* Debug */ = {
			isa = XCBuildConfiguration;
			buildSettings = {
				ASSETCATALOG_COMPILER_APPICON_NAME = AppIcon;
				ASSETCATALOG_COMPILER_GLOBAL_ACCENT_COLOR_NAME = AccentColor;
				CODE_SIGN_ENTITLEMENTS = macOS/macOS.entitlements;
				CODE_SIGN_STYLE = Automatic;
				COMBINE_HIDPI_IMAGES = YES;
				DEVELOPMENT_TEAM = BNNLS5SVUS;
				ENABLE_HARDENED_RUNTIME = YES;
				ENABLE_PREVIEWS = YES;
				INFOPLIST_FILE = macOS/Info.plist;
				LD_RUNPATH_SEARCH_PATHS = (
					"$(inherited)",
					"@executable_path/../Frameworks",
				);
				MACOSX_DEPLOYMENT_TARGET = 11.0;
				PRODUCT_BUNDLE_IDENTIFIER = eu.gruszka.PlayingAround;
				PRODUCT_NAME = PlayingAround;
				SDKROOT = macosx;
				SWIFT_VERSION = 5.0;
			};
			name = Debug;
		};
		D0A5BD9925E460CE00723961 /* Release */ = {
			isa = XCBuildConfiguration;
			buildSettings = {
				ASSETCATALOG_COMPILER_APPICON_NAME = AppIcon;
				ASSETCATALOG_COMPILER_GLOBAL_ACCENT_COLOR_NAME = AccentColor;
				CODE_SIGN_ENTITLEMENTS = macOS/macOS.entitlements;
				CODE_SIGN_STYLE = Automatic;
				COMBINE_HIDPI_IMAGES = YES;
				DEVELOPMENT_TEAM = BNNLS5SVUS;
				ENABLE_HARDENED_RUNTIME = YES;
				ENABLE_PREVIEWS = YES;
				INFOPLIST_FILE = macOS/Info.plist;
				LD_RUNPATH_SEARCH_PATHS = (
					"$(inherited)",
					"@executable_path/../Frameworks",
				);
				MACOSX_DEPLOYMENT_TARGET = 11.0;
				PRODUCT_BUNDLE_IDENTIFIER = eu.gruszka.PlayingAround;
				PRODUCT_NAME = PlayingAround;
				SDKROOT = macosx;
				SWIFT_VERSION = 5.0;
			};
			name = Release;
		};
		D0A5BD9B25E460CE00723961 /* Debug */ = {
			isa = XCBuildConfiguration;
			buildSettings = {
				ALWAYS_EMBED_SWIFT_STANDARD_LIBRARIES = YES;
				CODE_SIGN_STYLE = Automatic;
				DEVELOPMENT_TEAM = BNNLS5SVUS;
				INFOPLIST_FILE = "Tests iOS/Info.plist";
				IPHONEOS_DEPLOYMENT_TARGET = 14.4;
				LD_RUNPATH_SEARCH_PATHS = (
					"$(inherited)",
					"@executable_path/Frameworks",
					"@loader_path/Frameworks",
				);
				PRODUCT_BUNDLE_IDENTIFIER = "eu.gruszka.Tests-iOS";
				PRODUCT_NAME = "$(TARGET_NAME)";
				SDKROOT = iphoneos;
				SWIFT_VERSION = 5.0;
				TARGETED_DEVICE_FAMILY = "1,2";
				TEST_TARGET_NAME = "PlayingAround (iOS)";
			};
			name = Debug;
		};
		D0A5BD9C25E460CE00723961 /* Release */ = {
			isa = XCBuildConfiguration;
			buildSettings = {
				ALWAYS_EMBED_SWIFT_STANDARD_LIBRARIES = YES;
				CODE_SIGN_STYLE = Automatic;
				DEVELOPMENT_TEAM = BNNLS5SVUS;
				INFOPLIST_FILE = "Tests iOS/Info.plist";
				IPHONEOS_DEPLOYMENT_TARGET = 14.4;
				LD_RUNPATH_SEARCH_PATHS = (
					"$(inherited)",
					"@executable_path/Frameworks",
					"@loader_path/Frameworks",
				);
				PRODUCT_BUNDLE_IDENTIFIER = "eu.gruszka.Tests-iOS";
				PRODUCT_NAME = "$(TARGET_NAME)";
				SDKROOT = iphoneos;
				SWIFT_VERSION = 5.0;
				TARGETED_DEVICE_FAMILY = "1,2";
				TEST_TARGET_NAME = "PlayingAround (iOS)";
				VALIDATE_PRODUCT = YES;
			};
			name = Release;
		};
		D0A5BD9E25E460CE00723961 /* Debug */ = {
			isa = XCBuildConfiguration;
			buildSettings = {
				ALWAYS_EMBED_SWIFT_STANDARD_LIBRARIES = YES;
				CODE_SIGN_STYLE = Automatic;
				COMBINE_HIDPI_IMAGES = YES;
				DEVELOPMENT_TEAM = BNNLS5SVUS;
				INFOPLIST_FILE = "Tests macOS/Info.plist";
				LD_RUNPATH_SEARCH_PATHS = (
					"$(inherited)",
					"@executable_path/../Frameworks",
					"@loader_path/../Frameworks",
				);
				MACOSX_DEPLOYMENT_TARGET = 11.1;
				PRODUCT_BUNDLE_IDENTIFIER = "eu.gruszka.Tests-macOS";
				PRODUCT_NAME = "$(TARGET_NAME)";
				SDKROOT = macosx;
				SWIFT_VERSION = 5.0;
				TEST_TARGET_NAME = "PlayingAround (macOS)";
			};
			name = Debug;
		};
		D0A5BD9F25E460CE00723961 /* Release */ = {
			isa = XCBuildConfiguration;
			buildSettings = {
				ALWAYS_EMBED_SWIFT_STANDARD_LIBRARIES = YES;
				CODE_SIGN_STYLE = Automatic;
				COMBINE_HIDPI_IMAGES = YES;
				DEVELOPMENT_TEAM = BNNLS5SVUS;
				INFOPLIST_FILE = "Tests macOS/Info.plist";
				LD_RUNPATH_SEARCH_PATHS = (
					"$(inherited)",
					"@executable_path/../Frameworks",
					"@loader_path/../Frameworks",
				);
				MACOSX_DEPLOYMENT_TARGET = 11.1;
				PRODUCT_BUNDLE_IDENTIFIER = "eu.gruszka.Tests-macOS";
				PRODUCT_NAME = "$(TARGET_NAME)";
				SDKROOT = macosx;
				SWIFT_VERSION = 5.0;
				TEST_TARGET_NAME = "PlayingAround (macOS)";
			};
			name = Release;
		};
/* End XCBuildConfiguration section */

/* Begin XCConfigurationList section */
		D0A5BD6125E460CC00723961 /* Build configuration list for PBXProject "PlayingAround" */ = {
			isa = XCConfigurationList;
			buildConfigurations = (
				D0A5BD9225E460CE00723961 /* Debug */,
				D0A5BD9325E460CE00723961 /* Release */,
			);
			defaultConfigurationIsVisible = 0;
			defaultConfigurationName = Release;
		};
		D0A5BD9425E460CE00723961 /* Build configuration list for PBXNativeTarget "PlayingAround (iOS)" */ = {
			isa = XCConfigurationList;
			buildConfigurations = (
				D0A5BD9525E460CE00723961 /* Debug */,
				D0A5BD9625E460CE00723961 /* Release */,
			);
			defaultConfigurationIsVisible = 0;
			defaultConfigurationName = Release;
		};
		D0A5BD9725E460CE00723961 /* Build configuration list for PBXNativeTarget "PlayingAround (macOS)" */ = {
			isa = XCConfigurationList;
			buildConfigurations = (
				D0A5BD9825E460CE00723961 /* Debug */,
				D0A5BD9925E460CE00723961 /* Release */,
			);
			defaultConfigurationIsVisible = 0;
			defaultConfigurationName = Release;
		};
		D0A5BD9A25E460CE00723961 /* Build configuration list for PBXNativeTarget "Tests iOS" */ = {
			isa = XCConfigurationList;
			buildConfigurations = (
				D0A5BD9B25E460CE00723961 /* Debug */,
				D0A5BD9C25E460CE00723961 /* Release */,
			);
			defaultConfigurationIsVisible = 0;
			defaultConfigurationName = Release;
		};
		D0A5BD9D25E460CE00723961 /* Build configuration list for PBXNativeTarget "Tests macOS" */ = {
			isa = XCConfigurationList;
			buildConfigurations = (
				D0A5BD9E25E460CE00723961 /* Debug */,
				D0A5BD9F25E460CE00723961 /* Release */,
			);
			defaultConfigurationIsVisible = 0;
			defaultConfigurationName = Release;
		};
/* End XCConfigurationList section */
	};
	rootObject = D0A5BD5E25E460CC00723961 /* Project object */;
}
